# This file was autogenerated by Stack.
# You should not edit this file by hand.
# For more information, please see the documentation at:
#   https://docs.haskellstack.org/en/stable/lock_files

packages:
- completed:
    hackage: AC-Vector-1.2.2@sha256:cd52a2ceb1fd1b5b1bf6eb3b7f0ca27aa094d4912bf0032d739503b823d68974,841
    pantry-tree:
      size: 212
      sha256: 5a00d5c381f7368fa46cbf4b6e105e5ad0d9fc88cb4886ff7b4df9a6f18e62be
  original:
    hackage: AC-Vector-1.2.2
snapshots:
- completed:
    size: 537868
    url: https://raw.githubusercontent.com/commercialhaskell/stackage-snapshots/master/lts/9/21.yaml
    sha256: 0a3be91c2bce851de4755003cfb1d85d62b6f90276231fcc305729c0c5c864a9
  original: lts-9.21
